
Microsoft Visual Studio Solution File, Format Version 12.00
# Visual Studio Version 17
VisualStudioVersion = 17.14.36511.14 d17.14
MinimumVisualStudioVersion = 10.0.40219.1
Project("{888888A0-9F3D-457C-B088-3A5042F75D52}") = "Exercise 1", "PythonApplication1\Exercise 1.pyproj", "{A672D57D-6E08-49BA-A754-52B38EFC8A6B}"
EndProject
Project("{888888A0-9F3D-457C-B088-3A5042F75D52}") = "Exercise 2", "PythonApplication2\Exercise 2.pyproj", "{75B8C7E2-2704-44A5-AA25-83A6C6F8E85D}"
EndProject
Global
	GlobalSection(SolutionConfigurationPlatforms) = preSolution
		Debug|Any CPU = Debug|Any CPU
		Release|Any CPU = Release|Any CPU
	EndGlobalSection
	GlobalSection(ProjectConfigurationPlatforms) = postSolution
		{A672D57D-6E08-49BA-A754-52B38EFC8A6B}.Debug|Any CPU.ActiveCfg = Debug|Any CPU
		{A672D57D-6E08-49BA-A754-52B38EFC8A6B}.Release|Any CPU.ActiveCfg = Release|Any CPU
		{75B8C7E2-2704-44A5-AA25-83A6C6F8E85D}.Debug|Any CPU.ActiveCfg = Debug|Any CPU
		{75B8C7E2-2704-44A5-AA25-83A6C6F8E85D}.Release|Any CPU.ActiveCfg = Release|Any CPU
	EndGlobalSection
	GlobalSection(SolutionProperties) = preSolution
		HideSolutionNode = FALSE
	EndGlobalSection
	GlobalSection(ExtensibilityGlobals) = postSolution
		SolutionGuid = {099A4C0A-42AF-4CD0-9C28-3D6EDD82E97B}
	EndGlobalSection
EndGlobal
